
Microsoft Visual Studio Solution File, Format Version 12.00
# Visual Studio Version 16
VisualStudioVersion = 16.0.30804.86
MinimumVisualStudioVersion = 10.0.40219.1
Project("{FAE04EC0-301F-11D3-BF4B-00C04F79EFBC}") = "AgentServer", "AgentServer\AgentServer.csproj", "{90544372-F783-4887-97F9-B0736E53949D}"
EndProject
Global
	GlobalSection(SolutionConfigurationPlatforms) = preSolution
		Debug|Any CPU = Debug|Any CPU
		Release|Any CPU = Release|Any CPU
	EndGlobalSection
	GlobalSection(ProjectConfigurationPlatforms) = postSolution
		{90544372-F783-4887-97F9-B0736E53949D}.Debug|Any CPU.ActiveCfg = Debug|Any CPU
		{90544372-F783-4887-97F9-B0736E53949D}.Debug|Any CPU.Build.0 = Debug|Any CPU
		{90544372-F783-4887-97F9-B0736E53949D}.Release|Any CPU.ActiveCfg = Release|Any CPU
		{90544372-F783-4887-97F9-B0736E53949D}.Release|Any CPU.Build.0 = Release|Any CPU
	EndGlobalSection
	GlobalSection(SolutionProperties) = preSolution
		HideSolutionNode = FALSE
	EndGlobalSection
	GlobalSection(ExtensibilityGlobals) = postSolution
		SolutionGuid = {028BD56F-07F2-4091-B78D-D5DC359A439F}
	EndGlobalSection
EndGlobal
