
Microsoft Visual Studio Solution File, Format Version 12.00
# Visual Studio Version 16
VisualStudioVersion = 16.0.31105.61
MinimumVisualStudioVersion = 10.0.40219.1
Project("{FAE04EC0-301F-11D3-BF4B-00C04F79EFBC}") = "HttpServer", "HttpServer\HttpServer.csproj", "{F940FEDC-C90E-44CE-882E-19E69223BB42}"
EndProject
Global
	GlobalSection(SolutionConfigurationPlatforms) = preSolution
		Debug|Any CPU = Debug|Any CPU
		Release|Any CPU = Release|Any CPU
	EndGlobalSection
	GlobalSection(ProjectConfigurationPlatforms) = postSolution
		{F940FEDC-C90E-44CE-882E-19E69223BB42}.Debug|Any CPU.ActiveCfg = Debug|Any CPU
		{F940FEDC-C90E-44CE-882E-19E69223BB42}.Debug|Any CPU.Build.0 = Debug|Any CPU
		{F940FEDC-C90E-44CE-882E-19E69223BB42}.Release|Any CPU.ActiveCfg = Release|Any CPU
		{F940FEDC-C90E-44CE-882E-19E69223BB42}.Release|Any CPU.Build.0 = Release|Any CPU
	EndGlobalSection
	GlobalSection(SolutionProperties) = preSolution
		HideSolutionNode = FALSE
	EndGlobalSection
	GlobalSection(ExtensibilityGlobals) = postSolution
		SolutionGuid = {9D720357-EB13-44EA-B7D0-4DB022B980ED}
	EndGlobalSection
EndGlobal
